
Microsoft Visual Studio Solution File, Format Version 12.00
# Visual Studio Version 16
VisualStudioVersion = 16.0.30523.141
MinimumVisualStudioVersion = 10.0.40219.1
Project("{9A19103F-16F7-4668-BE54-9A1E7A4F7556}") = "WebApi", "Web\WebApi.csproj", "{894C2CDC-C9DF-45F7-88B8-4BAC477C9782}"
EndProject
Project("{9A19103F-16F7-4668-BE54-9A1E7A4F7556}") = "Core", "Core\Core.csproj", "{E2829BFF-2C6C-442A-950B-0E2C73F0FD90}"
EndProject
Project("{9A19103F-16F7-4668-BE54-9A1E7A4F7556}") = "Authorization", "Authorization\Authorization.csproj", "{5F30D7C1-F11A-452A-89C5-96A05D64FF1D}"
EndProject
Project("{9A19103F-16F7-4668-BE54-9A1E7A4F7556}") = "Storage", "Storage\Storage.csproj", "{A97DAE5E-92E6-489A-AD44-AD72C68A1D1E}"
EndProject
Project("{2150E333-8FDC-42A3-9474-1A3956D46DE8}") = "Solution Items", "Solution Items", "{F527EEDD-AF74-4B49-9676-6B46C8E33B2A}"
	ProjectSection(SolutionItems) = preProject
		.gitignore = .gitignore
	EndProjectSection
EndProject
Global
	GlobalSection(SolutionConfigurationPlatforms) = preSolution
		Debug|Any CPU = Debug|Any CPU
		Release|Any CPU = Release|Any CPU
	EndGlobalSection
	GlobalSection(ProjectConfigurationPlatforms) = postSolution
		{894C2CDC-C9DF-45F7-88B8-4BAC477C9782}.Debug|Any CPU.ActiveCfg = Debug|Any CPU
		{894C2CDC-C9DF-45F7-88B8-4BAC477C9782}.Debug|Any CPU.Build.0 = Debug|Any CPU
		{894C2CDC-C9DF-45F7-88B8-4BAC477C9782}.Release|Any CPU.ActiveCfg = Release|Any CPU
		{894C2CDC-C9DF-45F7-88B8-4BAC477C9782}.Release|Any CPU.Build.0 = Release|Any CPU
		{E2829BFF-2C6C-442A-950B-0E2C73F0FD90}.Debug|Any CPU.ActiveCfg = Debug|Any CPU
		{E2829BFF-2C6C-442A-950B-0E2C73F0FD90}.Debug|Any CPU.Build.0 = Debug|Any CPU
		{E2829BFF-2C6C-442A-950B-0E2C73F0FD90}.Release|Any CPU.ActiveCfg = Release|Any CPU
		{E2829BFF-2C6C-442A-950B-0E2C73F0FD90}.Release|Any CPU.Build.0 = Release|Any CPU
		{5F30D7C1-F11A-452A-89C5-96A05D64FF1D}.Debug|Any CPU.ActiveCfg = Debug|Any CPU
		{5F30D7C1-F11A-452A-89C5-96A05D64FF1D}.Debug|Any CPU.Build.0 = Debug|Any CPU
		{5F30D7C1-F11A-452A-89C5-96A05D64FF1D}.Release|Any CPU.ActiveCfg = Release|Any CPU
		{5F30D7C1-F11A-452A-89C5-96A05D64FF1D}.Release|Any CPU.Build.0 = Release|Any CPU
		{A97DAE5E-92E6-489A-AD44-AD72C68A1D1E}.Debug|Any CPU.ActiveCfg = Debug|Any CPU
		{A97DAE5E-92E6-489A-AD44-AD72C68A1D1E}.Debug|Any CPU.Build.0 = Debug|Any CPU
		{A97DAE5E-92E6-489A-AD44-AD72C68A1D1E}.Release|Any CPU.ActiveCfg = Release|Any CPU
		{A97DAE5E-92E6-489A-AD44-AD72C68A1D1E}.Release|Any CPU.Build.0 = Release|Any CPU
	EndGlobalSection
	GlobalSection(SolutionProperties) = preSolution
		HideSolutionNode = FALSE
	EndGlobalSection
	GlobalSection(ExtensibilityGlobals) = postSolution
		SolutionGuid = {B8F02179-54E9-442C-9C32-831919A21915}
	EndGlobalSection
EndGlobal
